
Microsoft Visual Studio Solution File, Format Version 12.00
# Visual Studio 2013
VisualStudioVersion = 12.0.40629.0
MinimumVisualStudioVersion = 10.0.40219.1
Project("{FAE04EC0-301F-11D3-BF4B-00C04F79EFBC}") = "AutorizationTest", "AutorizationTest\AutorizationTest.csproj", "{3059D98A-26B7-4CBB-890C-FBA9075B6542}"
EndProject
Project("{FAE04EC0-301F-11D3-BF4B-00C04F79EFBC}") = "AutorizationTest.Tests", "AutorizationTest.Tests\AutorizationTest.Tests.csproj", "{32B4A8C0-C7F5-4739-85BD-4CFDD6492D07}"
EndProject
Global
	GlobalSection(SolutionConfigurationPlatforms) = preSolution
		Debug|Any CPU = Debug|Any CPU
		Release|Any CPU = Release|Any CPU
	EndGlobalSection
	GlobalSection(ProjectConfigurationPlatforms) = postSolution
		{3059D98A-26B7-4CBB-890C-FBA9075B6542}.Debug|Any CPU.ActiveCfg = Debug|Any CPU
		{3059D98A-26B7-4CBB-890C-FBA9075B6542}.Debug|Any CPU.Build.0 = Debug|Any CPU
		{3059D98A-26B7-4CBB-890C-FBA9075B6542}.Release|Any CPU.ActiveCfg = Release|Any CPU
		{3059D98A-26B7-4CBB-890C-FBA9075B6542}.Release|Any CPU.Build.0 = Release|Any CPU
		{32B4A8C0-C7F5-4739-85BD-4CFDD6492D07}.Debug|Any CPU.ActiveCfg = Debug|Any CPU
		{32B4A8C0-C7F5-4739-85BD-4CFDD6492D07}.Debug|Any CPU.Build.0 = Debug|Any CPU
		{32B4A8C0-C7F5-4739-85BD-4CFDD6492D07}.Release|Any CPU.ActiveCfg = Release|Any CPU
		{32B4A8C0-C7F5-4739-85BD-4CFDD6492D07}.Release|Any CPU.Build.0 = Release|Any CPU
	EndGlobalSection
	GlobalSection(SolutionProperties) = preSolution
		HideSolutionNode = FALSE
	EndGlobalSection
EndGlobal
